# @generated - this file is auto-generated by `mise lock` https://mise.jdx.dev/dev-tools/mise-lock.html

[[tools."aqua:duckdb/duckdb"]]
version = "1.5.1"
backend = "aqua:duckdb/duckdb"

[tools."aqua:duckdb/duckdb"."platforms.linux-arm64"]
checksum = "sha256:7b2c347da27309a3927e126b937277495932e9d28fc7687623561ae74521a493"
url = "https://github.com/duckdb/duckdb/releases/download/v1.5.1/duckdb_cli-linux-arm64.zip"

[tools."aqua:duckdb/duckdb"."platforms.linux-arm64-musl"]
checksum = "sha256:7b2c347da27309a3927e126b937277495932e9d28fc7687623561ae74521a493"
url = "https://github.com/duckdb/duckdb/releases/download/v1.5.1/duckdb_cli-linux-arm64.zip"

[tools."aqua:duckdb/duckdb"."platforms.linux-x64"]
checksum = "sha256:7414b29d4e77ae833ff170a489a59b74331f96d3fde72aa3bb8437dedbcea180"
url = "https://github.com/duckdb/duckdb/releases/download/v1.5.1/duckdb_cli-linux-amd64.zip"

[tools."aqua:duckdb/duckdb"."platforms.linux-x64-musl"]
checksum = "sha256:7414b29d4e77ae833ff170a489a59b74331f96d3fde72aa3bb8437dedbcea180"
url = "https://github.com/duckdb/duckdb/releases/download/v1.5.1/duckdb_cli-linux-amd64.zip"

[tools."aqua:duckdb/duckdb"."platforms.macos-arm64"]
checksum = "sha256:fa6bddb0e1ce80cb0ea40201b8f5fc1a28693b2a2aec3295ed4cfc41b770485d"
url = "https://github.com/duckdb/duckdb/releases/download/v1.5.1/duckdb_cli-osx-universal.zip"

[tools."aqua:duckdb/duckdb"."platforms.macos-x64"]
checksum = "sha256:fa6bddb0e1ce80cb0ea40201b8f5fc1a28693b2a2aec3295ed4cfc41b770485d"
url = "https://github.com/duckdb/duckdb/releases/download/v1.5.1/duckdb_cli-osx-universal.zip"

[tools."aqua:duckdb/duckdb"."platforms.windows-x64"]
checksum = "sha256:22cc4b9dcffe6b01300d2e78b5918a13cf4335305fec854a9277db3bbf2e4a83"
url = "https://github.com/duckdb/duckdb/releases/download/v1.5.1/duckdb_cli-windows-amd64.zip"

[[tools."aqua:noborus/ov"]]
version = "0.51.1"
backend = "aqua:noborus/ov"

[tools."aqua:noborus/ov"."platforms.linux-arm64"]
checksum = "sha256:d72070119f2206f223b4de8c860a70e460338dacbe1b87eb3508905a7226e702"
url = "https://github.com/noborus/ov/releases/download/v0.51.1/ov_0.51.1_linux_arm64.zip"

[tools."aqua:noborus/ov"."platforms.linux-arm64-musl"]
checksum = "sha256:d72070119f2206f223b4de8c860a70e460338dacbe1b87eb3508905a7226e702"
url = "https://github.com/noborus/ov/releases/download/v0.51.1/ov_0.51.1_linux_arm64.zip"

[tools."aqua:noborus/ov"."platforms.linux-x64"]
checksum = "sha256:27bb0c8842e89f71ed389f57f6262f2ea1ec313e63c21564b3cca7e50c3558d2"
url = "https://github.com/noborus/ov/releases/download/v0.51.1/ov_0.51.1_linux_amd64.zip"

[tools."aqua:noborus/ov"."platforms.linux-x64-musl"]
checksum = "sha256:27bb0c8842e89f71ed389f57f6262f2ea1ec313e63c21564b3cca7e50c3558d2"
url = "https://github.com/noborus/ov/releases/download/v0.51.1/ov_0.51.1_linux_amd64.zip"

[tools."aqua:noborus/ov"."platforms.macos-arm64"]
checksum = "sha256:70d09debebfcca46897c35b3e08b23b23fdb1728223b21d142264629f5ceec68"
url = "https://github.com/noborus/ov/releases/download/v0.51.1/ov_0.51.1_darwin_arm64.zip"

[tools."aqua:noborus/ov"."platforms.macos-x64"]
checksum = "sha256:f71bcd54edc82ce6b4ecb6fbb784fd94b0f029954ba5dbdad2f84826ce6a2dd0"
url = "https://github.com/noborus/ov/releases/download/v0.51.1/ov_0.51.1_darwin_amd64.zip"

[tools."aqua:noborus/ov"."platforms.windows-x64"]
checksum = "sha256:7b44625ca2a7890fffe47a1b2737f29ac75d12a387cc1c55ddc9d8ba9d4593fc"
url = "https://github.com/noborus/ov/releases/download/v0.51.1/ov_0.51.1_windows_amd64.zip"

[[tools.awscli]]
version = "2.34.15"
backend = "aqua:aws/aws-cli"

[tools.awscli."platforms.linux-arm64"]
url = "https://awscli.amazonaws.com/awscli-exe-linux-aarch64-2.34.15.zip"

[tools.awscli."platforms.linux-arm64-musl"]
url = "https://awscli.amazonaws.com/awscli-exe-linux-aarch64-2.34.15.zip"

[tools.awscli."platforms.linux-x64"]
url = "https://awscli.amazonaws.com/awscli-exe-linux-x86_64-2.34.15.zip"

[tools.awscli."platforms.linux-x64-musl"]
url = "https://awscli.amazonaws.com/awscli-exe-linux-x86_64-2.34.15.zip"

[tools.awscli."platforms.macos-arm64"]
url = "https://awscli.amazonaws.com/AWSCLIV2-2.34.15.pkg"

[tools.awscli."platforms.macos-x64"]
url = "https://awscli.amazonaws.com/AWSCLIV2-2.34.15.pkg"

[[tools."cargo:bat"]]
version = "0.26.1"
backend = "cargo:bat"

[[tools."cargo:cargo-bloat"]]
version = "0.12.1"
backend = "cargo:cargo-bloat"

[[tools."cargo:cargo-expand"]]
version = "1.0.121"
backend = "cargo:cargo-expand"

[[tools."cargo:cargo-outdated"]]
version = "0.17.0"
backend = "cargo:cargo-outdated"

[[tools."cargo:cargo-release"]]
version = "1.1.1"
backend = "cargo:cargo-release"

[[tools."cargo:cargo-watch"]]
version = "8.5.3"
backend = "cargo:cargo-watch"

[[tools."cargo:eza"]]
version = "0.23.4"
backend = "cargo:eza"

[[tools."cargo:fd-find"]]
version = "10.4.2"
backend = "cargo:fd-find"

[[tools."cargo:git-delta"]]
version = "0.19.1"
backend = "cargo:git-delta"

[[tools."cargo:hexyl"]]
version = "0.17.0"
backend = "cargo:hexyl"

[[tools."cargo:hyperfine"]]
version = "1.20.0"
backend = "cargo:hyperfine"

[[tools."cargo:parquet"]]
version = "58.1.0"
backend = "cargo:parquet"

[tools."cargo:parquet".options]
features = "cli"

[[tools."cargo:ripgrep"]]
version = "15.1.0"
backend = "cargo:ripgrep"

[[tools."cargo:samply"]]
version = "0.13.1"
backend = "cargo:samply"

[[tools."cargo:tealdeer"]]
version = "1.8.1"
backend = "cargo:tealdeer"

[[tools."cargo:tokei"]]
version = "14.0.0"
backend = "cargo:tokei"

[[tools."cargo:xsv"]]
version = "0.13.0"
backend = "cargo:xsv"

[[tools.clickhouse]]
version = "26.2.5.45-stable"
backend = "vfox:mise-plugins/vfox-clickhouse"

[tools.clickhouse."platforms.linux-arm64"]
url = "https://github.com/ClickHouse/ClickHouse/releases/download/v26.2.5.45-stable/clickhouse-common-static-26.2.5.45-arm64.tgz"

[tools.clickhouse."platforms.linux-arm64-musl"]
url = "https://github.com/ClickHouse/ClickHouse/releases/download/v26.2.5.45-stable/clickhouse-common-static-26.2.5.45-arm64.tgz"

[tools.clickhouse."platforms.linux-x64"]
url = "https://github.com/ClickHouse/ClickHouse/releases/download/v26.2.5.45-stable/clickhouse-common-static-26.2.5.45-arm64.tgz"

[tools.clickhouse."platforms.linux-x64-musl"]
url = "https://github.com/ClickHouse/ClickHouse/releases/download/v26.2.5.45-stable/clickhouse-common-static-26.2.5.45-arm64.tgz"

[tools.clickhouse."platforms.macos-arm64"]
url = "https://github.com/ClickHouse/ClickHouse/releases/download/v26.2.5.45-stable/clickhouse-macos-aarch64"

[tools.clickhouse."platforms.macos-x64"]
url = "https://github.com/ClickHouse/ClickHouse/releases/download/v26.2.5.45-stable/clickhouse-macos-aarch64"

[tools.clickhouse."platforms.windows-x64"]
url = "https://github.com/ClickHouse/ClickHouse/releases/download/v26.2.5.45-stable/clickhouse-common-static-26.2.5.45-arm64.tgz"

[[tools.dive]]
version = "0.13.1"
backend = "ubi:wagoodman/dive"

[[tools.fzf]]
version = "0.70.0"
backend = "aqua:junegunn/fzf"

[tools.fzf."platforms.linux-arm64"]
checksum = "sha256:90a07a13b61f56dd59ccfd0f0bf05070e9cec067713d313fa2607aab2dc0e422"
url = "https://github.com/junegunn/fzf/releases/download/v0.70.0/fzf-0.70.0-linux_arm64.tar.gz"

[tools.fzf."platforms.linux-arm64-musl"]
checksum = "sha256:90a07a13b61f56dd59ccfd0f0bf05070e9cec067713d313fa2607aab2dc0e422"
url = "https://github.com/junegunn/fzf/releases/download/v0.70.0/fzf-0.70.0-linux_arm64.tar.gz"

[tools.fzf."platforms.linux-x64"]
checksum = "sha256:8fd0e0b93bdf64ba90081ffb6658d77ea5a024c122b36852b1de30f9d2733754"
url = "https://github.com/junegunn/fzf/releases/download/v0.70.0/fzf-0.70.0-linux_amd64.tar.gz"

[tools.fzf."platforms.linux-x64-musl"]
checksum = "sha256:8fd0e0b93bdf64ba90081ffb6658d77ea5a024c122b36852b1de30f9d2733754"
url = "https://github.com/junegunn/fzf/releases/download/v0.70.0/fzf-0.70.0-linux_amd64.tar.gz"

[tools.fzf."platforms.macos-arm64"]
checksum = "sha256:75f4905c2e3d00666d81dffdd001bb2a9a8e0ad4e4ac8cecfc17a7401b99e6e4"
url = "https://github.com/junegunn/fzf/releases/download/v0.70.0/fzf-0.70.0-darwin_arm64.tar.gz"

[tools.fzf."platforms.macos-x64"]
checksum = "sha256:46af74cfeb171c5e2eb936096a653061a0de0f5aeb70319bf9935d8d193e078f"
url = "https://github.com/junegunn/fzf/releases/download/v0.70.0/fzf-0.70.0-darwin_amd64.tar.gz"

[tools.fzf."platforms.windows-x64"]
checksum = "sha256:7465a6738e2c844742df973459c7509aed2d10d7a72bfd6de201b867b4eda4cd"
url = "https://github.com/junegunn/fzf/releases/download/v0.70.0/fzf-0.70.0-windows_amd64.zip"

[[tools.gh]]
version = "2.88.1"
backend = "aqua:cli/cli"

[tools.gh."platforms.linux-arm64"]
checksum = "sha256:039ce25aab0cfa0ea5160e3db75ed44699bde4b20ff63ec5991f82201f1b33b8"
url = "https://github.com/cli/cli/releases/download/v2.88.1/gh_2.88.1_linux_arm64.tar.gz"

[tools.gh."platforms.linux-arm64-musl"]
checksum = "sha256:039ce25aab0cfa0ea5160e3db75ed44699bde4b20ff63ec5991f82201f1b33b8"
url = "https://github.com/cli/cli/releases/download/v2.88.1/gh_2.88.1_linux_arm64.tar.gz"

[tools.gh."platforms.linux-x64"]
checksum = "sha256:36352a993b97e9758793cdb87f9ba674bd6d88c914488e122be78a1962203803"
url = "https://github.com/cli/cli/releases/download/v2.88.1/gh_2.88.1_linux_amd64.tar.gz"

[tools.gh."platforms.linux-x64-musl"]
checksum = "sha256:36352a993b97e9758793cdb87f9ba674bd6d88c914488e122be78a1962203803"
url = "https://github.com/cli/cli/releases/download/v2.88.1/gh_2.88.1_linux_amd64.tar.gz"

[tools.gh."platforms.macos-arm64"]
checksum = "sha256:bdbeed4821d450ef0d14821d856c05b308ab449fbf60527f298d96fbf5d2447b"
url = "https://github.com/cli/cli/releases/download/v2.88.1/gh_2.88.1_macOS_arm64.zip"

[tools.gh."platforms.macos-x64"]
checksum = "sha256:ff0fc4bdb9699f0c02e5bcdcbd09d0f8e4c4659aa5d30bcd39a3557ed7379b2e"
url = "https://github.com/cli/cli/releases/download/v2.88.1/gh_2.88.1_macOS_amd64.zip"

[tools.gh."platforms.windows-x64"]
checksum = "sha256:8fdaac525d8919f9f8c265f99ffa26189e5f1fd3a35636adad4fd890a141a555"
url = "https://github.com/cli/cli/releases/download/v2.88.1/gh_2.88.1_windows_amd64.zip"

[[tools."github:go-task/task"]]
version = "3.49.1"
backend = "github:go-task/task"

[tools."github:go-task/task"."platforms.linux-arm64"]
checksum = "sha256:aa6732c9c66397c5380ec2b60c070fd599075b2a8538dba03f3a21edc99ab0cb"
url = "https://github.com/go-task/task/releases/download/v3.49.1/task_linux_arm64.tar.gz"
url_api = "https://api.github.com/repos/go-task/task/releases/assets/369609773"

[tools."github:go-task/task"."platforms.linux-arm64-musl"]
checksum = "sha256:aa6732c9c66397c5380ec2b60c070fd599075b2a8538dba03f3a21edc99ab0cb"
url = "https://github.com/go-task/task/releases/download/v3.49.1/task_linux_arm64.tar.gz"
url_api = "https://api.github.com/repos/go-task/task/releases/assets/369609773"

[tools."github:go-task/task"."platforms.linux-x64"]
checksum = "sha256:4e7d24f1bf38218aec8f244eb7ba671f898830f9f87b3c9b30ff1c09e3135576"
url = "https://github.com/go-task/task/releases/download/v3.49.1/task_linux_amd64.tar.gz"
url_api = "https://api.github.com/repos/go-task/task/releases/assets/369609772"

[tools."github:go-task/task"."platforms.linux-x64-musl"]
checksum = "sha256:4e7d24f1bf38218aec8f244eb7ba671f898830f9f87b3c9b30ff1c09e3135576"
url = "https://github.com/go-task/task/releases/download/v3.49.1/task_linux_amd64.tar.gz"
url_api = "https://api.github.com/repos/go-task/task/releases/assets/369609772"

[tools."github:go-task/task"."platforms.macos-arm64"]
checksum = "sha256:0f556b66df69d53b790c7fd26bfab73543b4a5ce1767df6b2e8499619e2a205b"
url = "https://github.com/go-task/task/releases/download/v3.49.1/task_darwin_arm64.tar.gz"
url_api = "https://api.github.com/repos/go-task/task/releases/assets/369609792"

[tools."github:go-task/task"."platforms.macos-x64"]
checksum = "sha256:8bc4dd3baed1c71956ade0bb0a9c1b94e3ed7b65e7f2ff3aab13d0562c820e59"
url = "https://github.com/go-task/task/releases/download/v3.49.1/task_darwin_amd64.tar.gz"
url_api = "https://api.github.com/repos/go-task/task/releases/assets/369609774"

[tools."github:go-task/task"."platforms.windows-x64"]
checksum = "sha256:725c551f699d4d6c0dc57bd8148f72bef8d5b2fb650d9c985f271a61522fd521"
url = "https://github.com/go-task/task/releases/download/v3.49.1/task_windows_amd64.zip"
url_api = "https://api.github.com/repos/go-task/task/releases/assets/369609805"

[[tools."github:golangci/golangci-lint"]]
version = "2.11.4"
backend = "github:golangci/golangci-lint"

[tools."github:golangci/golangci-lint"."platforms.linux-arm64"]
checksum = "sha256:3bcfa2e6f3d32b2bf5cd75eaa876447507025e0303698633f722a05331988db4"
url = "https://github.com/golangci/golangci-lint/releases/download/v2.11.4/golangci-lint-2.11.4-linux-arm64.tar.gz"
url_api = "https://api.github.com/repos/golangci/golangci-lint/releases/assets/379205098"
provenance = "github-attestations"

[tools."github:golangci/golangci-lint"."platforms.linux-arm64-musl"]
checksum = "sha256:3bcfa2e6f3d32b2bf5cd75eaa876447507025e0303698633f722a05331988db4"
url = "https://github.com/golangci/golangci-lint/releases/download/v2.11.4/golangci-lint-2.11.4-linux-arm64.tar.gz"
url_api = "https://api.github.com/repos/golangci/golangci-lint/releases/assets/379205098"
provenance = "github-attestations"

[tools."github:golangci/golangci-lint"."platforms.linux-x64"]
checksum = "sha256:200c5b7503f67b59a6743ccf32133026c174e272b930ee79aa2aa6f37aca7ef1"
url = "https://github.com/golangci/golangci-lint/releases/download/v2.11.4/golangci-lint-2.11.4-linux-amd64.tar.gz"
url_api = "https://api.github.com/repos/golangci/golangci-lint/releases/assets/379205154"
provenance = "github-attestations"

[tools."github:golangci/golangci-lint"."platforms.linux-x64-musl"]
checksum = "sha256:200c5b7503f67b59a6743ccf32133026c174e272b930ee79aa2aa6f37aca7ef1"
url = "https://github.com/golangci/golangci-lint/releases/download/v2.11.4/golangci-lint-2.11.4-linux-amd64.tar.gz"
url_api = "https://api.github.com/repos/golangci/golangci-lint/releases/assets/379205154"
provenance = "github-attestations"

[tools."github:golangci/golangci-lint"."platforms.macos-arm64"]
checksum = "sha256:02db2a2dae8b26812e53b0688a6f617e3ef1f489790e829ea22862cf76945675"
url = "https://github.com/golangci/golangci-lint/releases/download/v2.11.4/golangci-lint-2.11.4-darwin-arm64.tar.gz"
url_api = "https://api.github.com/repos/golangci/golangci-lint/releases/assets/379205148"
provenance = "github-attestations"

[tools."github:golangci/golangci-lint"."platforms.macos-x64"]
checksum = "sha256:c900d4048db75d1edfd550fd11cf6a9b3008e7caa8e119fcddbc700412d63e60"
url = "https://github.com/golangci/golangci-lint/releases/download/v2.11.4/golangci-lint-2.11.4-darwin-amd64.tar.gz"
url_api = "https://api.github.com/repos/golangci/golangci-lint/releases/assets/379205119"
provenance = "github-attestations"

[tools."github:golangci/golangci-lint"."platforms.windows-x64"]
checksum = "sha256:4932cfca5e75bf60fe1c576edf459e5e809e6644664a068185d64b84af3fad9e"
url = "https://github.com/golangci/golangci-lint/releases/download/v2.11.4/golangci-lint-2.11.4-windows-amd64.zip"
url_api = "https://api.github.com/repos/golangci/golangci-lint/releases/assets/379205099"
provenance = "github-attestations"

[[tools."github:orf/trash"]]
version = "0.3.3"
backend = "github:orf/trash"

[tools."github:orf/trash"."platforms.linux-arm64"]
url = "https://github.com/orf/trash/releases/download/v0.3.3/trash-Linux-musl-arm64.tar.gz"
url_api = "https://api.github.com/repos/orf/trash/releases/assets/218411243"

[tools."github:orf/trash"."platforms.linux-arm64-musl"]
url = "https://github.com/orf/trash/releases/download/v0.3.3/trash-Linux-musl-arm64.tar.gz"
url_api = "https://api.github.com/repos/orf/trash/releases/assets/218411243"

[tools."github:orf/trash"."platforms.linux-x64"]
url = "https://github.com/orf/trash/releases/download/v0.3.3/trash-Linux-musl-x86_64.tar.gz"
url_api = "https://api.github.com/repos/orf/trash/releases/assets/218411236"

[tools."github:orf/trash"."platforms.linux-x64-musl"]
url = "https://github.com/orf/trash/releases/download/v0.3.3/trash-Linux-musl-x86_64.tar.gz"
url_api = "https://api.github.com/repos/orf/trash/releases/assets/218411236"

[tools."github:orf/trash"."platforms.macos-arm64"]
url = "https://github.com/orf/trash/releases/download/v0.3.3/trash-macOS-arm64.tar.gz"
url_api = "https://api.github.com/repos/orf/trash/releases/assets/218411237"

[tools."github:orf/trash"."platforms.macos-x64"]
url = "https://github.com/orf/trash/releases/download/v0.3.3/trash-macOS-x86_64.tar.gz"
url_api = "https://api.github.com/repos/orf/trash/releases/assets/218411233"

[tools."github:orf/trash"."platforms.windows-x64"]
url = "https://github.com/orf/trash/releases/download/v0.3.3/trash-Windows-msvc-x86_64.zip"
url_api = "https://api.github.com/repos/orf/trash/releases/assets/218411246"

[[tools."github:starship/starship"]]
version = "1.24.2"
backend = "github:starship/starship"

[tools."github:starship/starship"."platforms.linux-arm64"]
checksum = "sha256:56b9ff412bbf374d29b99e5ac09a849124cb37a0a13121e8470df32de53c1ea6"
url = "https://github.com/starship/starship/releases/download/v1.24.2/starship-aarch64-unknown-linux-musl.tar.gz"
url_api = "https://api.github.com/repos/starship/starship/releases/assets/334568404"

[tools."github:starship/starship"."platforms.linux-arm64-musl"]
checksum = "sha256:56b9ff412bbf374d29b99e5ac09a849124cb37a0a13121e8470df32de53c1ea6"
url = "https://github.com/starship/starship/releases/download/v1.24.2/starship-aarch64-unknown-linux-musl.tar.gz"
url_api = "https://api.github.com/repos/starship/starship/releases/assets/334568404"

[tools."github:starship/starship"."platforms.linux-x64"]
checksum = "sha256:3f12f61883ff324c1dbe7b885fa125d5490960e5cad6a12eeaa34695ec1b5744"
url = "https://github.com/starship/starship/releases/download/v1.24.2/starship-x86_64-unknown-linux-gnu.tar.gz"
url_api = "https://api.github.com/repos/starship/starship/releases/assets/334568392"

[tools."github:starship/starship"."platforms.linux-x64-musl"]
checksum = "sha256:00ff3c1f8ffb59b5c15d4b44c076bcca04d92cf0055c86b916248c14f3ae714a"
url = "https://github.com/starship/starship/releases/download/v1.24.2/starship-x86_64-unknown-linux-musl.tar.gz"
url_api = "https://api.github.com/repos/starship/starship/releases/assets/334568387"

[tools."github:starship/starship"."platforms.macos-arm64"]
checksum = "sha256:d3a0da21374962625a2ee992110979bc1fa33424d7b6aea58a70405e26544fd9"
url = "https://github.com/starship/starship/releases/download/v1.24.2/starship-aarch64-apple-darwin.tar.gz"
url_api = "https://api.github.com/repos/starship/starship/releases/assets/334568411"

[tools."github:starship/starship"."platforms.macos-x64"]
checksum = "sha256:237beb10cc970c4361536e9f9f434dfed755f8282c5cd951b6a7e3fcbda8e779"
url = "https://github.com/starship/starship/releases/download/v1.24.2/starship-x86_64-apple-darwin.tar.gz"
url_api = "https://api.github.com/repos/starship/starship/releases/assets/334568409"

[tools."github:starship/starship"."platforms.windows-x64"]
checksum = "sha256:d38424c595320e9639a276666347d5e44cb004de3972f40b9a5a1a6b88537f29"
url = "https://github.com/starship/starship/releases/download/v1.24.2/starship-x86_64-pc-windows-msvc.zip"
url_api = "https://api.github.com/repos/starship/starship/releases/assets/334568406"

[[tools.glow]]
version = "2.1.1"
backend = "aqua:charmbracelet/glow"

[tools.glow."platforms.linux-arm64"]
checksum = "sha256:ab12a703cc6efd06caf24860344a2e8bc2518055fdd986f98eb761c47917ef3d"
url = "https://github.com/charmbracelet/glow/releases/download/v2.1.1/glow_2.1.1_Linux_arm64.tar.gz"

[tools.glow."platforms.linux-arm64-musl"]
checksum = "sha256:ab12a703cc6efd06caf24860344a2e8bc2518055fdd986f98eb761c47917ef3d"
url = "https://github.com/charmbracelet/glow/releases/download/v2.1.1/glow_2.1.1_Linux_arm64.tar.gz"

[tools.glow."platforms.linux-x64"]
checksum = "sha256:59106b08be69b2a0bda1178327bbb7accd584e7c113ba3d2f5ef6e48ff3ac27f"
url = "https://github.com/charmbracelet/glow/releases/download/v2.1.1/glow_2.1.1_Linux_x86_64.tar.gz"

[tools.glow."platforms.linux-x64-musl"]
checksum = "sha256:59106b08be69b2a0bda1178327bbb7accd584e7c113ba3d2f5ef6e48ff3ac27f"
url = "https://github.com/charmbracelet/glow/releases/download/v2.1.1/glow_2.1.1_Linux_x86_64.tar.gz"

[tools.glow."platforms.macos-arm64"]
checksum = "sha256:234a20a7d0cebc775cdc77ecd62d28da9479364a122b52d8bac9adf1312b860d"
url = "https://github.com/charmbracelet/glow/releases/download/v2.1.1/glow_2.1.1_Darwin_arm64.tar.gz"

[tools.glow."platforms.macos-x64"]
checksum = "sha256:91334ebc659b44193327a6e2d198aa4e6c2953b1e003be00c983870685e9161b"
url = "https://github.com/charmbracelet/glow/releases/download/v2.1.1/glow_2.1.1_Darwin_x86_64.tar.gz"

[tools.glow."platforms.windows-x64"]
checksum = "sha256:b552952daa03afdfffa80be3f79ba8aec43426f8e78c026eb8502c7e6b604ed0"
url = "https://github.com/charmbracelet/glow/releases/download/v2.1.1/glow_2.1.1_Windows_x86_64.zip"

[[tools.go]]
version = "1.26.1"
backend = "core:go"

[tools.go."platforms.linux-arm64"]
checksum = "sha256:a290581cfe4fe28ddd737dde3095f3dbeb7f2e4065cab4eae44dfc53b760c2f7"
url = "https://dl.google.com/go/go1.26.1.linux-arm64.tar.gz"

[tools.go."platforms.linux-arm64-musl"]
checksum = "sha256:a290581cfe4fe28ddd737dde3095f3dbeb7f2e4065cab4eae44dfc53b760c2f7"
url = "https://dl.google.com/go/go1.26.1.linux-arm64.tar.gz"

[tools.go."platforms.linux-x64"]
checksum = "sha256:031f088e5d955bab8657ede27ad4e3bc5b7c1ba281f05f245bcc304f327c987a"
url = "https://dl.google.com/go/go1.26.1.linux-amd64.tar.gz"

[tools.go."platforms.linux-x64-musl"]
checksum = "sha256:031f088e5d955bab8657ede27ad4e3bc5b7c1ba281f05f245bcc304f327c987a"
url = "https://dl.google.com/go/go1.26.1.linux-amd64.tar.gz"

[tools.go."platforms.macos-arm64"]
checksum = "sha256:353df43a7811ce284c8938b5f3c7df40b7bfb6f56cb165b150bc40b5e2dd541f"
url = "https://dl.google.com/go/go1.26.1.darwin-arm64.tar.gz"

[tools.go."platforms.macos-x64"]
checksum = "sha256:65773dab2f8cc4cd23d93ba6d0a805de150ca0b78378879292be0b903b8cdd08"
url = "https://dl.google.com/go/go1.26.1.darwin-amd64.tar.gz"

[tools.go."platforms.windows-x64"]
checksum = "sha256:9b68112c913f45b7aebbf13c036721264bbba7e03a642f8f7490c561eebd1ecc"
url = "https://dl.google.com/go/go1.26.1.windows-amd64.zip"

[[tools.helm]]
version = "4.1.3"
backend = "aqua:helm/helm"

[tools.helm."platforms.linux-arm64"]
checksum = "sha256:5db45e027cc8de4677ec869e5d803fc7631b0bab1c1eb62ac603a62d22359a43"
url = "https://get.helm.sh/helm-v4.1.3-linux-arm64.tar.gz"

[tools.helm."platforms.linux-arm64-musl"]
checksum = "sha256:5db45e027cc8de4677ec869e5d803fc7631b0bab1c1eb62ac603a62d22359a43"
url = "https://get.helm.sh/helm-v4.1.3-linux-arm64.tar.gz"

[tools.helm."platforms.linux-x64"]
checksum = "sha256:02ce9722d541238f81459938b84cf47df2fdf1187493b4bfb2346754d82a4700"
url = "https://get.helm.sh/helm-v4.1.3-linux-amd64.tar.gz"

[tools.helm."platforms.linux-x64-musl"]
checksum = "sha256:02ce9722d541238f81459938b84cf47df2fdf1187493b4bfb2346754d82a4700"
url = "https://get.helm.sh/helm-v4.1.3-linux-amd64.tar.gz"

[tools.helm."platforms.macos-arm64"]
checksum = "sha256:21c02fe2f7e27d08e24a6bf93103f9d2b25aab6f13f91814b2cfabc99b108a5e"
url = "https://get.helm.sh/helm-v4.1.3-darwin-arm64.tar.gz"

[tools.helm."platforms.macos-x64"]
checksum = "sha256:742132e11cc08a81c97f70180cd714ae8376f8c896247a7b14ae1f51838b5a0b"
url = "https://get.helm.sh/helm-v4.1.3-darwin-amd64.tar.gz"

[tools.helm."platforms.windows-x64"]
checksum = "sha256:fb8dc9b5c2f74456443a6a1bb431fe109d744151423133d921ec8a43b63cab90"
url = "https://get.helm.sh/helm-v4.1.3-windows-amd64.tar.gz"

[[tools.jq]]
version = "1.8.1"
backend = "aqua:jqlang/jq"

[tools.jq."platforms.linux-arm64"]
checksum = "sha256:6bc62f25981328edd3cfcfe6fe51b073f2d7e7710d7ef7fcdac28d4e384fc3d4"
url = "https://github.com/jqlang/jq/releases/download/jq-1.8.1/jq-linux-arm64"

[tools.jq."platforms.linux-arm64-musl"]
checksum = "sha256:6bc62f25981328edd3cfcfe6fe51b073f2d7e7710d7ef7fcdac28d4e384fc3d4"
url = "https://github.com/jqlang/jq/releases/download/jq-1.8.1/jq-linux-arm64"

[tools.jq."platforms.linux-x64"]
checksum = "sha256:020468de7539ce70ef1bceaf7cde2e8c4f2ca6c3afb84642aabc5c97d9fc2a0d"
url = "https://github.com/jqlang/jq/releases/download/jq-1.8.1/jq-linux-amd64"

[tools.jq."platforms.linux-x64-musl"]
checksum = "sha256:020468de7539ce70ef1bceaf7cde2e8c4f2ca6c3afb84642aabc5c97d9fc2a0d"
url = "https://github.com/jqlang/jq/releases/download/jq-1.8.1/jq-linux-amd64"

[tools.jq."platforms.macos-arm64"]
checksum = "sha256:a9fe3ea2f86dfc72f6728417521ec9067b343277152b114f4e98d8cb0e263603"
url = "https://github.com/jqlang/jq/releases/download/jq-1.8.1/jq-macos-arm64"

[tools.jq."platforms.macos-x64"]
checksum = "sha256:e80dbe0d2a2597e3c11c404f03337b981d74b4a8504b70586c354b7697a7c27f"
url = "https://github.com/jqlang/jq/releases/download/jq-1.8.1/jq-macos-amd64"

[tools.jq."platforms.windows-x64"]
checksum = "sha256:23cb60a1354eed6bcc8d9b9735e8c7b388cd1fdcb75726b93bc299ef22dd9334"
url = "https://github.com/jqlang/jq/releases/download/jq-1.8.1/jq-windows-amd64.exe"

[[tools.k9s]]
version = "0.50.18"
backend = "ubi:derailed/k9s"

[[tools.kubectl]]
version = "1.35.3"
backend = "aqua:kubernetes/kubectl"

[tools.kubectl."platforms.linux-arm64"]
checksum = "sha256:6f0cd088a82dde5d5807122056069e2fac4ed447cc518efc055547ae46525f14"
url = "https://dl.k8s.io/v1.35.3/bin/linux/arm64/kubectl"

[tools.kubectl."platforms.linux-arm64-musl"]
checksum = "sha256:6f0cd088a82dde5d5807122056069e2fac4ed447cc518efc055547ae46525f14"
url = "https://dl.k8s.io/v1.35.3/bin/linux/arm64/kubectl"

[tools.kubectl."platforms.linux-x64"]
checksum = "sha256:fd31c7d7129260e608f6faf92d5984c3267ad0b5ead3bced2fe125686e286ad6"
url = "https://dl.k8s.io/v1.35.3/bin/linux/amd64/kubectl"

[tools.kubectl."platforms.linux-x64-musl"]
checksum = "sha256:fd31c7d7129260e608f6faf92d5984c3267ad0b5ead3bced2fe125686e286ad6"
url = "https://dl.k8s.io/v1.35.3/bin/linux/amd64/kubectl"

[tools.kubectl."platforms.macos-arm64"]
checksum = "sha256:280651239d84bab214ba83403666bf6976a5fa0dbdb41404f26eb6f276d34963"
url = "https://dl.k8s.io/v1.35.3/bin/darwin/arm64/kubectl"

[tools.kubectl."platforms.macos-x64"]
checksum = "sha256:2f339b1eae2e1792ec08da281b37afbeee94f70bed6b7398e7efd81ba08f8d37"
url = "https://dl.k8s.io/v1.35.3/bin/darwin/amd64/kubectl"

[tools.kubectl."platforms.windows-x64"]
checksum = "sha256:6c367f9c34be9a13a94eb523dd62006973e1d051adea7d6bcf800dde3f6e84df"
url = "https://dl.k8s.io/v1.35.3/bin/windows/amd64/kubectl.exe"

[[tools.kubectx]]
version = "0.10.2"
backend = "aqua:ahmetb/kubectx"

[tools.kubectx."platforms.linux-arm64"]
checksum = "sha256:2d2fc0a2f34908f8f34ed6db5d83ad8b221d493836671d07cac27003168d34ce"
url = "https://github.com/ahmetb/kubectx/releases/download/v0.10.2/kubectx_v0.10.2_linux_arm64.tar.gz"

[tools.kubectx."platforms.linux-arm64-musl"]
checksum = "sha256:2d2fc0a2f34908f8f34ed6db5d83ad8b221d493836671d07cac27003168d34ce"
url = "https://github.com/ahmetb/kubectx/releases/download/v0.10.2/kubectx_v0.10.2_linux_arm64.tar.gz"

[tools.kubectx."platforms.linux-x64"]
checksum = "sha256:91ac5ef510763cfa78953bd377c90c68cb1f8c30eb2a5ec46196cc72e8c0aa09"
url = "https://github.com/ahmetb/kubectx/releases/download/v0.10.2/kubectx_v0.10.2_linux_x86_64.tar.gz"

[tools.kubectx."platforms.linux-x64-musl"]
checksum = "sha256:91ac5ef510763cfa78953bd377c90c68cb1f8c30eb2a5ec46196cc72e8c0aa09"
url = "https://github.com/ahmetb/kubectx/releases/download/v0.10.2/kubectx_v0.10.2_linux_x86_64.tar.gz"

[tools.kubectx."platforms.macos-arm64"]
checksum = "sha256:124bb71537231078fb488499d3f91adef71199f383ad65328e98f3072e41d66c"
url = "https://github.com/ahmetb/kubectx/releases/download/v0.10.2/kubectx_v0.10.2_darwin_arm64.tar.gz"

[tools.kubectx."platforms.macos-x64"]
checksum = "sha256:cfac514b91e304755868773fd25b717260651ff9e4fb3ee580235bf8030b2396"
url = "https://github.com/ahmetb/kubectx/releases/download/v0.10.2/kubectx_v0.10.2_darwin_x86_64.tar.gz"

[tools.kubectx."platforms.windows-x64"]
checksum = "sha256:c410e4f9eabaa56594a613ffb21c00cbe573fc952ad3d9487c8ba761c609947d"
url = "https://github.com/ahmetb/kubectx/releases/download/v0.10.2/kubectx_v0.10.2_windows_x86_64.zip"

[[tools.node]]
version = "24.14.0"
backend = "core:node"

[tools.node."platforms.linux-arm64"]
checksum = "sha256:f44740cd218de8127f1c44c41510a3a740fa5c9c8d1cdce1c3bedada79f3cde7"
url = "https://nodejs.org/dist/v24.14.0/node-v24.14.0-linux-arm64.tar.gz"

[tools.node."platforms.linux-arm64-musl"]
checksum = "sha256:f44740cd218de8127f1c44c41510a3a740fa5c9c8d1cdce1c3bedada79f3cde7"
url = "https://nodejs.org/dist/v24.14.0/node-v24.14.0-linux-arm64.tar.gz"

[tools.node."platforms.linux-x64"]
checksum = "sha256:dbf5b8665dec15e59e6359a517fefb47b23fdb9152d8def975b9bca3dfc6d355"
url = "https://nodejs.org/dist/v24.14.0/node-v24.14.0-linux-x64.tar.gz"

[tools.node."platforms.linux-x64-musl"]
checksum = "sha256:dbf5b8665dec15e59e6359a517fefb47b23fdb9152d8def975b9bca3dfc6d355"
url = "https://nodejs.org/dist/v24.14.0/node-v24.14.0-linux-x64.tar.gz"

[tools.node."platforms.macos-arm64"]
checksum = "sha256:a1a54f46a750d2523d628d924aab61758a51c9dad3e0238beb14141be9615dd3"
url = "https://nodejs.org/dist/v24.14.0/node-v24.14.0-darwin-arm64.tar.gz"

[tools.node."platforms.macos-x64"]
checksum = "sha256:f2879eb810e25993a0578e5d878930266fd2eafcffe9f2839b3d8db354d4879e"
url = "https://nodejs.org/dist/v24.14.0/node-v24.14.0-darwin-x64.tar.gz"

[tools.node."platforms.windows-x64"]
checksum = "sha256:313fa40c0d7b18575821de8cb17483031fe07d95de5994f6f435f3b345f85c66"
url = "https://nodejs.org/dist/v24.14.0/node-v24.14.0-win-x64.zip"

[[tools."pipx:httpie"]]
version = "3.2.4"
backend = "pipx:httpie"

[[tools."pipx:ipython"]]
version = "9.11.0"
backend = "pipx:ipython"

[[tools."pipx:pgcli"]]
version = "4.4.0"
backend = "pipx:pgcli"

[[tools.pnpm]]
version = "10.33.0"
backend = "aqua:pnpm/pnpm"

[tools.pnpm."platforms.macos-arm64"]
checksum = "sha256:ed8a1f140f4de457b01ebe0be3ae28e9a7e28863315dcd53d22ff1e5a32d63ae"
url = "https://github.com/pnpm/pnpm/releases/download/v10.33.0/pnpm-macos-arm64"

[[tools.pre-commit]]
version = "4.5.1"
backend = "aqua:pre-commit/pre-commit"

[tools.pre-commit."platforms.linux-arm64"]
checksum = "sha256:19d00ba35cbf9c04dc3736cd8bb641e8633f3eddd4cedde71809574ae68a2cd1"
url = "https://github.com/pre-commit/pre-commit/releases/download/v4.5.1/pre-commit-4.5.1.pyz"

[tools.pre-commit."platforms.linux-arm64-musl"]
checksum = "sha256:19d00ba35cbf9c04dc3736cd8bb641e8633f3eddd4cedde71809574ae68a2cd1"
url = "https://github.com/pre-commit/pre-commit/releases/download/v4.5.1/pre-commit-4.5.1.pyz"

[tools.pre-commit."platforms.linux-x64"]
checksum = "sha256:19d00ba35cbf9c04dc3736cd8bb641e8633f3eddd4cedde71809574ae68a2cd1"
url = "https://github.com/pre-commit/pre-commit/releases/download/v4.5.1/pre-commit-4.5.1.pyz"

[tools.pre-commit."platforms.linux-x64-musl"]
checksum = "sha256:19d00ba35cbf9c04dc3736cd8bb641e8633f3eddd4cedde71809574ae68a2cd1"
url = "https://github.com/pre-commit/pre-commit/releases/download/v4.5.1/pre-commit-4.5.1.pyz"

[tools.pre-commit."platforms.macos-arm64"]
checksum = "sha256:19d00ba35cbf9c04dc3736cd8bb641e8633f3eddd4cedde71809574ae68a2cd1"
url = "https://github.com/pre-commit/pre-commit/releases/download/v4.5.1/pre-commit-4.5.1.pyz"

[tools.pre-commit."platforms.macos-x64"]
checksum = "sha256:19d00ba35cbf9c04dc3736cd8bb641e8633f3eddd4cedde71809574ae68a2cd1"
url = "https://github.com/pre-commit/pre-commit/releases/download/v4.5.1/pre-commit-4.5.1.pyz"

[[tools.python]]
version = "3.10.20"
backend = "core:python"

[tools.python."platforms.linux-arm64"]
checksum = "sha256:b5f8678ba66f01fd860a08a803a9777edf53b42c2766dc24351f99062ad633d4"
url = "https://github.com/astral-sh/python-build-standalone/releases/download/20260324/cpython-3.10.20+20260324-aarch64-unknown-linux-gnu-install_only_stripped.tar.gz"

[tools.python."platforms.linux-arm64-musl"]
checksum = "sha256:b5f8678ba66f01fd860a08a803a9777edf53b42c2766dc24351f99062ad633d4"
url = "https://github.com/astral-sh/python-build-standalone/releases/download/20260324/cpython-3.10.20+20260324-aarch64-unknown-linux-gnu-install_only_stripped.tar.gz"

[tools.python."platforms.linux-x64"]
checksum = "sha256:d7a43cef140ad23f78aaa33c2dee0c27574f4e98577fbadf816b05594d7d5313"
url = "https://github.com/astral-sh/python-build-standalone/releases/download/20260324/cpython-3.10.20+20260324-x86_64-unknown-linux-gnu-install_only_stripped.tar.gz"

[tools.python."platforms.linux-x64-musl"]
checksum = "sha256:d7a43cef140ad23f78aaa33c2dee0c27574f4e98577fbadf816b05594d7d5313"
url = "https://github.com/astral-sh/python-build-standalone/releases/download/20260324/cpython-3.10.20+20260324-x86_64-unknown-linux-gnu-install_only_stripped.tar.gz"

[tools.python."platforms.macos-arm64"]
checksum = "sha256:4201aa28e7e15461c34916603701855d5ba63e5c9d6eaf0f8c901ed1a468c7c9"
url = "https://github.com/astral-sh/python-build-standalone/releases/download/20260324/cpython-3.10.20+20260324-aarch64-apple-darwin-install_only_stripped.tar.gz"

[tools.python."platforms.macos-x64"]
checksum = "sha256:bb542fa7548101e31d6ffb063119a297fe388d6f90bea1112b0d227c688178b6"
url = "https://github.com/astral-sh/python-build-standalone/releases/download/20260324/cpython-3.10.20+20260324-x86_64-apple-darwin-install_only_stripped.tar.gz"

[tools.python."platforms.windows-x64"]
checksum = "sha256:fdf802b05ad3aa492d711169415115d4269b44a064cc8045c3b5df4a434d7289"
url = "https://github.com/astral-sh/python-build-standalone/releases/download/20260324/cpython-3.10.20+20260324-x86_64-pc-windows-msvc-install_only_stripped.tar.gz"

[[tools.python]]
version = "3.11.15"
backend = "core:python"

[tools.python."platforms.linux-arm64"]
checksum = "sha256:848309b81e33c084ec0d1d2959c30222369e83a15f13c172013a0c73a06fa419"
url = "https://github.com/astral-sh/python-build-standalone/releases/download/20260324/cpython-3.11.15+20260324-aarch64-unknown-linux-gnu-install_only_stripped.tar.gz"

[tools.python."platforms.linux-arm64-musl"]
checksum = "sha256:848309b81e33c084ec0d1d2959c30222369e83a15f13c172013a0c73a06fa419"
url = "https://github.com/astral-sh/python-build-standalone/releases/download/20260324/cpython-3.11.15+20260324-aarch64-unknown-linux-gnu-install_only_stripped.tar.gz"

[tools.python."platforms.linux-x64"]
checksum = "sha256:136fea2fa957637da9a506104d65687382b858c5037d93e85f76b7b7a8a81744"
url = "https://github.com/astral-sh/python-build-standalone/releases/download/20260324/cpython-3.11.15+20260324-x86_64-unknown-linux-gnu-install_only_stripped.tar.gz"

[tools.python."platforms.linux-x64-musl"]
checksum = "sha256:136fea2fa957637da9a506104d65687382b858c5037d93e85f76b7b7a8a81744"
url = "https://github.com/astral-sh/python-build-standalone/releases/download/20260324/cpython-3.11.15+20260324-x86_64-unknown-linux-gnu-install_only_stripped.tar.gz"

[tools.python."platforms.macos-arm64"]
checksum = "sha256:980aad909e636e11e6fa3328013ad27fdbe8611be4c629e66c7d35bc4613d060"
url = "https://github.com/astral-sh/python-build-standalone/releases/download/20260324/cpython-3.11.15+20260324-aarch64-apple-darwin-install_only_stripped.tar.gz"

[tools.python."platforms.macos-x64"]
checksum = "sha256:5ec463a587c944c3b0ba2c59a2f950dd309002c10e0f223fefcc6f2f6238a5dc"
url = "https://github.com/astral-sh/python-build-standalone/releases/download/20260324/cpython-3.11.15+20260324-x86_64-apple-darwin-install_only_stripped.tar.gz"

[tools.python."platforms.windows-x64"]
checksum = "sha256:a82fd2ffebbf352b4929fd9875a3759f791aa375dbbd137009929339d3364304"
url = "https://github.com/astral-sh/python-build-standalone/releases/download/20260324/cpython-3.11.15+20260324-x86_64-pc-windows-msvc-install_only_stripped.tar.gz"

[[tools.python]]
version = "3.12.13"
backend = "core:python"

[tools.python."platforms.linux-arm64"]
checksum = "sha256:ef7d9c8ffb3dc5d0d8c37150cb69145aee50f5d6a8a8709c6fffbe10868bb815"
url = "https://github.com/astral-sh/python-build-standalone/releases/download/20260324/cpython-3.12.13+20260324-aarch64-unknown-linux-gnu-install_only_stripped.tar.gz"

[tools.python."platforms.linux-arm64-musl"]
checksum = "sha256:ef7d9c8ffb3dc5d0d8c37150cb69145aee50f5d6a8a8709c6fffbe10868bb815"
url = "https://github.com/astral-sh/python-build-standalone/releases/download/20260324/cpython-3.12.13+20260324-aarch64-unknown-linux-gnu-install_only_stripped.tar.gz"

[tools.python."platforms.linux-x64"]
checksum = "sha256:1f464e6d344fc75d557fff07b78cd3740d0a33addc15f3dbfc0816a05b032e75"
url = "https://github.com/astral-sh/python-build-standalone/releases/download/20260324/cpython-3.12.13+20260324-x86_64-unknown-linux-gnu-install_only_stripped.tar.gz"

[tools.python."platforms.linux-x64-musl"]
checksum = "sha256:1f464e6d344fc75d557fff07b78cd3740d0a33addc15f3dbfc0816a05b032e75"
url = "https://github.com/astral-sh/python-build-standalone/releases/download/20260324/cpython-3.12.13+20260324-x86_64-unknown-linux-gnu-install_only_stripped.tar.gz"

[tools.python."platforms.macos-arm64"]
checksum = "sha256:b81406c99e81ac8e431231adf05c2709748836ac17593e74e70d7b8fc23efec5"
url = "https://github.com/astral-sh/python-build-standalone/releases/download/20260324/cpython-3.12.13+20260324-aarch64-apple-darwin-install_only_stripped.tar.gz"

[tools.python."platforms.macos-x64"]
checksum = "sha256:96e71efd05b0c30e7ccde8cd2f8e6aed21b7d6250c8d647dc193dab2cbb52c14"
url = "https://github.com/astral-sh/python-build-standalone/releases/download/20260324/cpython-3.12.13+20260324-x86_64-apple-darwin-install_only_stripped.tar.gz"

[tools.python."platforms.windows-x64"]
checksum = "sha256:30e997e89cd27f525818d1faab04f0ff8df35159c065c979649c0eb55816b64a"
url = "https://github.com/astral-sh/python-build-standalone/releases/download/20260324/cpython-3.12.13+20260324-x86_64-pc-windows-msvc-install_only_stripped.tar.gz"

[[tools.python]]
version = "3.13.12"
backend = "core:python"

[tools.python."platforms.linux-arm64"]
checksum = "sha256:8abd16da242b56902a13ba1d6e3aaa0d6d19dfc71547f04e437f707fde179915"
url = "https://github.com/astral-sh/python-build-standalone/releases/download/20260324/cpython-3.13.12+20260324-aarch64-unknown-linux-gnu-install_only_stripped.tar.gz"

[tools.python."platforms.linux-arm64-musl"]
checksum = "sha256:8abd16da242b56902a13ba1d6e3aaa0d6d19dfc71547f04e437f707fde179915"
url = "https://github.com/astral-sh/python-build-standalone/releases/download/20260324/cpython-3.13.12+20260324-aarch64-unknown-linux-gnu-install_only_stripped.tar.gz"

[tools.python."platforms.linux-x64"]
checksum = "sha256:91c8920a197c3f7c562612eb4537e18e0c52c1c918bb39912cbd0b1b3c154229"
url = "https://github.com/astral-sh/python-build-standalone/releases/download/20260324/cpython-3.13.12+20260324-x86_64-unknown-linux-gnu-install_only_stripped.tar.gz"

[tools.python."platforms.linux-x64-musl"]
checksum = "sha256:91c8920a197c3f7c562612eb4537e18e0c52c1c918bb39912cbd0b1b3c154229"
url = "https://github.com/astral-sh/python-build-standalone/releases/download/20260324/cpython-3.13.12+20260324-x86_64-unknown-linux-gnu-install_only_stripped.tar.gz"

[tools.python."platforms.macos-arm64"]
checksum = "sha256:3de7059c87c0e7604e3e9397a547020c161f65c8d51d358e230d3a7d3a456aaa"
url = "https://github.com/astral-sh/python-build-standalone/releases/download/20260324/cpython-3.13.12+20260324-aarch64-apple-darwin-install_only_stripped.tar.gz"

[tools.python."platforms.macos-x64"]
checksum = "sha256:7fd6a6162ef82c9df74eb1c71dad042a05960869789915b1203d61f14d3dc629"
url = "https://github.com/astral-sh/python-build-standalone/releases/download/20260324/cpython-3.13.12+20260324-x86_64-apple-darwin-install_only_stripped.tar.gz"

[tools.python."platforms.windows-x64"]
checksum = "sha256:b11194bd12122df60e24b08a71a4e5aaa1d15c2cf436f7f4f57bbea4f9a80462"
url = "https://github.com/astral-sh/python-build-standalone/releases/download/20260324/cpython-3.13.12+20260324-x86_64-pc-windows-msvc-install_only_stripped.tar.gz"

[[tools.rust]]
version = "stable"
backend = "core:rust"

[[tools.shellcheck]]
version = "0.11.0"
backend = "aqua:koalaman/shellcheck"

[tools.shellcheck."platforms.linux-arm64"]
checksum = "sha256:12b331c1d2db6b9eb13cfca64306b1b157a86eb69db83023e261eaa7e7c14588"
url = "https://github.com/koalaman/shellcheck/releases/download/v0.11.0/shellcheck-v0.11.0.linux.aarch64.tar.xz"

[tools.shellcheck."platforms.linux-arm64-musl"]
checksum = "sha256:12b331c1d2db6b9eb13cfca64306b1b157a86eb69db83023e261eaa7e7c14588"
url = "https://github.com/koalaman/shellcheck/releases/download/v0.11.0/shellcheck-v0.11.0.linux.aarch64.tar.xz"

[tools.shellcheck."platforms.linux-x64"]
checksum = "sha256:8c3be12b05d5c177a04c29e3c78ce89ac86f1595681cab149b65b97c4e227198"
url = "https://github.com/koalaman/shellcheck/releases/download/v0.11.0/shellcheck-v0.11.0.linux.x86_64.tar.xz"

[tools.shellcheck."platforms.linux-x64-musl"]
checksum = "sha256:8c3be12b05d5c177a04c29e3c78ce89ac86f1595681cab149b65b97c4e227198"
url = "https://github.com/koalaman/shellcheck/releases/download/v0.11.0/shellcheck-v0.11.0.linux.x86_64.tar.xz"

[tools.shellcheck."platforms.macos-arm64"]
checksum = "sha256:56affdd8de5527894dca6dc3d7e0a99a873b0f004d7aabc30ae407d3f48b0a79"
url = "https://github.com/koalaman/shellcheck/releases/download/v0.11.0/shellcheck-v0.11.0.darwin.aarch64.tar.xz"

[tools.shellcheck."platforms.macos-x64"]
checksum = "sha256:3c89db4edcab7cf1c27bff178882e0f6f27f7afdf54e859fa041fca10febe4c6"
url = "https://github.com/koalaman/shellcheck/releases/download/v0.11.0/shellcheck-v0.11.0.darwin.x86_64.tar.xz"

[tools.shellcheck."platforms.windows-x64"]
checksum = "sha256:8a4e35ab0b331c85d73567b12f2a444df187f483e5079ceffa6bda1faa2e740e"
url = "https://github.com/koalaman/shellcheck/releases/download/v0.11.0/shellcheck-v0.11.0.zip"

[[tools.stern]]
version = "1.33.1"
backend = "aqua:stern/stern"

[tools.stern."platforms.linux-arm64"]
checksum = "sha256:41ff85d85aeaf6f61b1cfb7aeccad64d7f66051b51f955f55b49ce20b5822374"
url = "https://github.com/stern/stern/releases/download/v1.33.1/stern_1.33.1_linux_arm64.tar.gz"

[tools.stern."platforms.linux-arm64-musl"]
checksum = "sha256:41ff85d85aeaf6f61b1cfb7aeccad64d7f66051b51f955f55b49ce20b5822374"
url = "https://github.com/stern/stern/releases/download/v1.33.1/stern_1.33.1_linux_arm64.tar.gz"

[tools.stern."platforms.linux-x64"]
checksum = "sha256:185be29c6a22bd07c0791ec697900943c0cc27292e5a5640a07a543886f1bfc9"
url = "https://github.com/stern/stern/releases/download/v1.33.1/stern_1.33.1_linux_amd64.tar.gz"

[tools.stern."platforms.linux-x64-musl"]
checksum = "sha256:185be29c6a22bd07c0791ec697900943c0cc27292e5a5640a07a543886f1bfc9"
url = "https://github.com/stern/stern/releases/download/v1.33.1/stern_1.33.1_linux_amd64.tar.gz"

[tools.stern."platforms.macos-arm64"]
checksum = "sha256:bdca897b9bd5a0ee8b4d1f4e00c8e63cf503d2f85abceab4ae6a276a7d232d95"
url = "https://github.com/stern/stern/releases/download/v1.33.1/stern_1.33.1_darwin_arm64.tar.gz"

[tools.stern."platforms.macos-x64"]
checksum = "sha256:6dc34102318ef012a4cb16f786c5930240b202b33c20666399230826e857107e"
url = "https://github.com/stern/stern/releases/download/v1.33.1/stern_1.33.1_darwin_amd64.tar.gz"

[tools.stern."platforms.windows-x64"]
checksum = "sha256:e1451cac9f01dbd9ab9aacde9d8e8d7fa800970f51054d4ffaa04f6d3bf959bd"
url = "https://github.com/stern/stern/releases/download/v1.33.1/stern_1.33.1_windows_amd64.tar.gz"

[[tools.terraform]]
version = "1.14.7"
backend = "aqua:hashicorp/terraform"

[tools.terraform."platforms.linux-arm64"]
checksum = "sha256:04f88ee8924db27c0e26c379721965273c80c9b6a94bc5d8d8048a69163952ba"
url = "https://releases.hashicorp.com/terraform/1.14.7/terraform_1.14.7_linux_arm64.zip"

[tools.terraform."platforms.linux-arm64-musl"]
checksum = "sha256:04f88ee8924db27c0e26c379721965273c80c9b6a94bc5d8d8048a69163952ba"
url = "https://releases.hashicorp.com/terraform/1.14.7/terraform_1.14.7_linux_arm64.zip"

[tools.terraform."platforms.linux-x64"]
checksum = "sha256:e8bbcefea8015156e04e2a325cde37a0b2fb761728bda548e2fe3b8ad7c18c96"
url = "https://releases.hashicorp.com/terraform/1.14.7/terraform_1.14.7_linux_amd64.zip"

[tools.terraform."platforms.linux-x64-musl"]
checksum = "sha256:e8bbcefea8015156e04e2a325cde37a0b2fb761728bda548e2fe3b8ad7c18c96"
url = "https://releases.hashicorp.com/terraform/1.14.7/terraform_1.14.7_linux_amd64.zip"

[tools.terraform."platforms.macos-arm64"]
checksum = "sha256:e9004e245b3e56bff9c7a6c572295d710f6ce4fc72e3910e99519ebdcb46d1bb"
url = "https://releases.hashicorp.com/terraform/1.14.7/terraform_1.14.7_darwin_arm64.zip"

[tools.terraform."platforms.macos-x64"]
checksum = "sha256:469f19fb58ed6f67abc858f1d1a20a2fdb1fadda8eaa0f766da1c8acd1518cb0"
url = "https://releases.hashicorp.com/terraform/1.14.7/terraform_1.14.7_darwin_amd64.zip"

[tools.terraform."platforms.windows-x64"]
checksum = "sha256:e81958c47acde7bb64e0126c5c45c3919da1ecd51042d84e79030835cbbfdd0c"
url = "https://releases.hashicorp.com/terraform/1.14.7/terraform_1.14.7_windows_amd64.zip"

[[tools.uv]]
version = "0.11.0"
backend = "aqua:astral-sh/uv"

[tools.uv."platforms.linux-arm64"]
checksum = "sha256:658be4b8ec905635f1295468d4d5120d9e1ab1722eec9a104473ce993590babe"
url = "https://github.com/astral-sh/uv/releases/download/0.11.0/uv-aarch64-unknown-linux-musl.tar.gz"

[tools.uv."platforms.linux-arm64-musl"]
checksum = "sha256:658be4b8ec905635f1295468d4d5120d9e1ab1722eec9a104473ce993590babe"
url = "https://github.com/astral-sh/uv/releases/download/0.11.0/uv-aarch64-unknown-linux-musl.tar.gz"

[tools.uv."platforms.linux-x64"]
checksum = "sha256:bf6b0757c73d1726faa2a819b155d4d864919a95766720215d78fdcd09d42d26"
url = "https://github.com/astral-sh/uv/releases/download/0.11.0/uv-x86_64-unknown-linux-musl.tar.gz"

[tools.uv."platforms.linux-x64-musl"]
checksum = "sha256:bf6b0757c73d1726faa2a819b155d4d864919a95766720215d78fdcd09d42d26"
url = "https://github.com/astral-sh/uv/releases/download/0.11.0/uv-x86_64-unknown-linux-musl.tar.gz"

[tools.uv."platforms.macos-arm64"]
checksum = "sha256:0c0f32c6a3473c5928aff96c3233715edfc79290e892f255cac93710cde7b91a"
url = "https://github.com/astral-sh/uv/releases/download/0.11.0/uv-aarch64-apple-darwin.tar.gz"

[tools.uv."platforms.macos-x64"]
checksum = "sha256:31aaec764166af8885cf99321fd6ed24fef80225a6f26ed1ae8ce04111688a7e"
url = "https://github.com/astral-sh/uv/releases/download/0.11.0/uv-x86_64-apple-darwin.tar.gz"

[tools.uv."platforms.windows-x64"]
checksum = "sha256:e21d00b172df83531564a95e75a2bdc0c59b471dbb3515f0c1b4d6ef657dc451"
url = "https://github.com/astral-sh/uv/releases/download/0.11.0/uv-x86_64-pc-windows-msvc.zip"

[[tools.yq]]
version = "4.52.4"
backend = "ubi:mikefarah/yq"
